
Microsoft Visual Studio Solution File, Format Version 12.00
# Visual Studio Version 17
VisualStudioVersion = 17.4.33213.308
MinimumVisualStudioVersion = 10.0.40219.1
Project("{FAE04EC0-301F-11D3-BF4B-00C04F79EFBC}") = "Talabat.API", "Talabat.API\Talabat.API.csproj", "{232E4B7E-64B6-4C48-BAAE-6DB13239D703}"
EndProject
Project("{FAE04EC0-301F-11D3-BF4B-00C04F79EFBC}") = "Talabat.Core", "Talabat.Core\Talabat.Core.csproj", "{2FF6582A-09EA-4F00-BBB2-A2E3140B510A}"
EndProject
Project("{FAE04EC0-301F-11D3-BF4B-00C04F79EFBC}") = "Talabat.Repository", "Talabat.Repository\Talabat.Repository.csproj", "{C31D98FA-5922-4A68-9CD3-3348C7217635}"
EndProject
Project("{FAE04EC0-301F-11D3-BF4B-00C04F79EFBC}") = "Talabat.Service", "Talabat.Service\Talabat.Service.csproj", "{59EDD382-16DF-4FFD-A454-DF2C1F367C27}"
EndProject
Global
	GlobalSection(SolutionConfigurationPlatforms) = preSolution
		Debug|Any CPU = Debug|Any CPU
		Release|Any CPU = Release|Any CPU
	EndGlobalSection
	GlobalSection(ProjectConfigurationPlatforms) = postSolution
		{232E4B7E-64B6-4C48-BAAE-6DB13239D703}.Debug|Any CPU.ActiveCfg = Debug|Any CPU
		{232E4B7E-64B6-4C48-BAAE-6DB13239D703}.Debug|Any CPU.Build.0 = Debug|Any CPU
		{232E4B7E-64B6-4C48-BAAE-6DB13239D703}.Release|Any CPU.ActiveCfg = Release|Any CPU
		{232E4B7E-64B6-4C48-BAAE-6DB13239D703}.Release|Any CPU.Build.0 = Release|Any CPU
		{2FF6582A-09EA-4F00-BBB2-A2E3140B510A}.Debug|Any CPU.ActiveCfg = Debug|Any CPU
		{2FF6582A-09EA-4F00-BBB2-A2E3140B510A}.Debug|Any CPU.Build.0 = Debug|Any CPU
		{2FF6582A-09EA-4F00-BBB2-A2E3140B510A}.Release|Any CPU.ActiveCfg = Release|Any CPU
		{2FF6582A-09EA-4F00-BBB2-A2E3140B510A}.Release|Any CPU.Build.0 = Release|Any CPU
		{C31D98FA-5922-4A68-9CD3-3348C7217635}.Debug|Any CPU.ActiveCfg = Debug|Any CPU
		{C31D98FA-5922-4A68-9CD3-3348C7217635}.Debug|Any CPU.Build.0 = Debug|Any CPU
		{C31D98FA-5922-4A68-9CD3-3348C7217635}.Release|Any CPU.ActiveCfg = Release|Any CPU
		{C31D98FA-5922-4A68-9CD3-3348C7217635}.Release|Any CPU.Build.0 = Release|Any CPU
		{59EDD382-16DF-4FFD-A454-DF2C1F367C27}.Debug|Any CPU.ActiveCfg = Debug|Any CPU
		{59EDD382-16DF-4FFD-A454-DF2C1F367C27}.Debug|Any CPU.Build.0 = Debug|Any CPU
		{59EDD382-16DF-4FFD-A454-DF2C1F367C27}.Release|Any CPU.ActiveCfg = Release|Any CPU
		{59EDD382-16DF-4FFD-A454-DF2C1F367C27}.Release|Any CPU.Build.0 = Release|Any CPU
	EndGlobalSection
	GlobalSection(SolutionProperties) = preSolution
		HideSolutionNode = FALSE
	EndGlobalSection
	GlobalSection(ExtensibilityGlobals) = postSolution
		SolutionGuid = {5F40D0CA-A6AC-45E3-BBB0-23532D62D5DC}
	EndGlobalSection
EndGlobal
